
Microsoft Visual Studio Solution File, Format Version 12.00
# Visual Studio Version 17
VisualStudioVersion = 17.11.35303.130
MinimumVisualStudioVersion = 10.0.40219.1
Project("{8BC9CEB8-8B4A-11D0-8D11-00A0C91BC942}") = "ConsoleApplication81", "ConsoleApplication81\ConsoleApplication81.vcxproj", "{799E8711-9991-4B19-ADA9-6F91AE6E9F12}"
EndProject
Global
	GlobalSection(SolutionConfigurationPlatforms) = preSolution
		Debug|x64 = Debug|x64
		Debug|x86 = Debug|x86
		Release|x64 = Release|x64
		Release|x86 = Release|x86
	EndGlobalSection
	GlobalSection(ProjectConfigurationPlatforms) = postSolution
		{799E8711-9991-4B19-ADA9-6F91AE6E9F12}.Debug|x64.ActiveCfg = Debug|x64
		{799E8711-9991-4B19-ADA9-6F91AE6E9F12}.Debug|x64.Build.0 = Debug|x64
		{799E8711-9991-4B19-ADA9-6F91AE6E9F12}.Debug|x86.ActiveCfg = Debug|Win32
		{799E8711-9991-4B19-ADA9-6F91AE6E9F12}.Debug|x86.Build.0 = Debug|Win32
		{799E8711-9991-4B19-ADA9-6F91AE6E9F12}.Release|x64.ActiveCfg = Release|x64
		{799E8711-9991-4B19-ADA9-6F91AE6E9F12}.Release|x64.Build.0 = Release|x64
		{799E8711-9991-4B19-ADA9-6F91AE6E9F12}.Release|x86.ActiveCfg = Release|Win32
		{799E8711-9991-4B19-ADA9-6F91AE6E9F12}.Release|x86.Build.0 = Release|Win32
	EndGlobalSection
	GlobalSection(SolutionProperties) = preSolution
		HideSolutionNode = FALSE
	EndGlobalSection
	GlobalSection(ExtensibilityGlobals) = postSolution
		SolutionGuid = {C40930A3-5B27-462A-8A92-934A7EBD880F}
	EndGlobalSection
EndGlobal
